<?xml version="1.0" encoding="UTF-8" standalone="yes" ?>
<CodeBlocks_project_file>
	<FileVersion major="1" minor="6" />
	<Project>
		<Option title="heroes" />
		<Option pch_mode="2" />
		<Option compiler="gcc" />
		<Build>
			<Target title="Debug">
				<Option output="bin/Debug/heroes" prefix_auto="1" extension_auto="1" />
				<Option object_output="obj/Debug/" />
				<Option type="1" />
				<Option compiler="gcc" />
				<Compiler>
					<Add option="-g" />
					<Add directory="include" />
				</Compiler>
			</Target>
			<Target title="Release">
				<Option output="bin/Release/heroes" prefix_auto="1" extension_auto="1" />
				<Option object_output="obj/Release/" />
				<Option type="1" />
				<Option compiler="gcc" />
				<Compiler>
					<Add option="-O2" />
					<Add directory="include" />
				</Compiler>
				<Linker>
					<Add option="-s" />
				</Linker>
			</Target>
		</Build>
		<Compiler>
			<Add option="-Wall" />
			<Add option="-fexceptions" />
		</Compiler>
		<Unit filename="include/Battle.h" />
		<Unit filename="include/Boots.h" />
		<Unit filename="include/CUI.h" />
		<Unit filename="include/Cell.h" />
		<Unit filename="include/Character.h" />
		<Unit filename="include/Chest.h" />
		<Unit filename="include/Empty.h" />
		<Unit filename="include/Game.h" />
		<Unit filename="include/Hero.h" />
		<Unit filename="include/Item.h" />
		<Unit filename="include/Map.h" />
		<Unit filename="include/Monster.h" />
		<Unit filename="include/Wall.h" />
		<Unit filename="include/Weapon.h" />
		<Unit filename="main.cpp" />
		<Unit filename="src/Battle.cpp" />
		<Unit filename="src/Boots.cpp" />
		<Unit filename="src/CUI.cpp" />
		<Unit filename="src/Cell.cpp" />
		<Unit filename="src/Character.cpp" />
		<Unit filename="src/Chest.cpp" />
		<Unit filename="src/Empty.cpp" />
		<Unit filename="src/Game.cpp" />
		<Unit filename="src/Hero.cpp" />
		<Unit filename="src/Item.cpp" />
		<Unit filename="src/Map.cpp" />
		<Unit filename="src/Monster.cpp" />
		<Unit filename="src/Wall.cpp" />
		<Unit filename="src/Weapon.cpp" />
		<Extensions>
			<code_completion />
			<debugger />
		</Extensions>
	</Project>
</CodeBlocks_project_file>
